# THIS IS AN AUTOGENERATED FILE. DO NOT EDIT THIS FILE DIRECTLY.
# yarn lockfile v1


abbrev@^2.0.0:
  version "2.0.0"
  resolved "https://registry.npmjs.org/abbrev/-/abbrev-2.0.0.tgz"
  integrity sha512-6/mh1E2u2YgEsCHdY0Yx5oW+61gZU+1vXaoiHHrpKeuRNNgFvS+/jrwHiQhB5apAf5oB7UB7E19ol2R2LKH8hQ==

"bar@file:bar":
  version "1.0.0"
  dependencies:
    uuid "^9.0.0"

classnames@^2.3.2:
  version "2.3.2"
  resolved "https://registry.npmjs.org/classnames/-/classnames-2.3.2.tgz"
  integrity sha512-CSbhY4cFEJRe6/GQzIk5qXZ4Jeg5pcsP7b5peFSDpffpe1cqjASH/n9UTjBwOp6XpMSTwQ8Za2K5V02ueA7Tmw==

colors@^1.4.0:
  version "1.4.0"
  resolved "https://registry.npmjs.org/colors/-/colors-1.4.0.tgz"
  integrity sha512-a+UqTh4kgZg/SlGvfbzDHpgRu7AAQOmmqRHJnxhRZICKFUT91brVhNNt58CMWU9PsBbv3PDCZUHbVxuDiH2mtA==

dateformat@^5.0.3:
  version "5.0.3"
  resolved "https://registry.npmjs.org/dateformat/-/dateformat-5.0.3.tgz"
  integrity sha512-Kvr6HmPXUMerlLcLF+Pwq3K7apHpYmGDVqrxcDasBg86UcKeTSNWbEzU8bwdXnxnR44FtMhJAxI4Bov6Y/KUfA==

"eggs@file:eggs-packages/eggs":
  version "1.0.0"
  dependencies:
    classnames "^2.3.2"

"foo@file:foo":
  version "1.0.0"
  dependencies:
    abbrev "^2.0.0"

"not-baz@file:baz":
  version "1.0.0"
  dependencies:
    dateformat "^5.0.3"

"spam@file:spam-packages/spam":
  version "1.0.0"
  dependencies:
    colors "^1.4.0"

uuid@^9.0.0:
  version "9.0.0"
  resolved "https://registry.npmjs.org/uuid/-/uuid-9.0.0.tgz"
  integrity sha512-MXcSTerfPa4uqyzStbRoTgt5XIe3x5+42+q1sDuy3R5MDk66URdLMOZe5aPX/SQd+kuYAh0FdP/pO28IkQyTeg==
